
Microsoft Visual Studio Solution File, Format Version 12.00
# Visual Studio 15
Project("{FAE04EC0-301F-11D3-BF4B-00C04F79EFBC}") = "queuetest", "queuetest\queuetest.csproj", "{C58AC78D-3A14-4442-B184-43D796338C53}"
EndProject
Global
	GlobalSection(SolutionConfigurationPlatforms) = preSolution
		Debug|anycpu = Debug|anycpu
		Release|anycpu = Release|anycpu
	EndGlobalSection
	GlobalSection(ProjectConfigurationPlatforms) = postSolution
		{C58AC78D-3A14-4442-B184-43D796338C53}.Debug|anycpu.ActiveCfg = Debug|anycpu
		{C58AC78D-3A14-4442-B184-43D796338C53}.Debug|anycpu.Build.0 = Debug|anycpu
		{C58AC78D-3A14-4442-B184-43D796338C53}.Release|anycpu.ActiveCfg = Release|anycpu
		{C58AC78D-3A14-4442-B184-43D796338C53}.Release|anycpu.Build.0 = Release|anycpu
	EndGlobalSection
EndGlobal
